
Microsoft Visual Studio Solution File, Format Version 12.00
# Visual Studio Version 16
VisualStudioVersion = 16.0.29519.87
MinimumVisualStudioVersion = 10.0.40219.1
Project("{FAE04EC0-301F-11D3-BF4B-00C04F79EFBC}") = "Snowbird", "Snowbird.csproj", "{F1A25B75-3450-46DB-B34E-9AAD83E6D31A}"
EndProject
Global
	GlobalSection(SolutionConfigurationPlatforms) = preSolution
		Debug|Any CPU = Debug|Any CPU
		Release|Any CPU = Release|Any CPU
	EndGlobalSection
	GlobalSection(ProjectConfigurationPlatforms) = postSolution
		{F1A25B75-3450-46DB-B34E-9AAD83E6D31A}.Debug|Any CPU.ActiveCfg = Debug|Any CPU
		{F1A25B75-3450-46DB-B34E-9AAD83E6D31A}.Debug|Any CPU.Build.0 = Debug|Any CPU
		{F1A25B75-3450-46DB-B34E-9AAD83E6D31A}.Release|Any CPU.ActiveCfg = Release|Any CPU
		{F1A25B75-3450-46DB-B34E-9AAD83E6D31A}.Release|Any CPU.Build.0 = Release|Any CPU
	EndGlobalSection
	GlobalSection(SolutionProperties) = preSolution
		HideSolutionNode = FALSE
	EndGlobalSection
	GlobalSection(ExtensibilityGlobals) = postSolution
		SolutionGuid = {2D06D899-D35A-4241-8DF9-C714AA70804E}
	EndGlobalSection
EndGlobal
