
Microsoft Visual Studio Solution File, Format Version 12.00
# Visual Studio 15
VisualStudioVersion = 15.0.28307.779
MinimumVisualStudioVersion = 10.0.40219.1
Project("{FAE04EC0-301F-11D3-BF4B-00C04F79EFBC}") = "snowbird", "snowbird.csproj", "{0EE046B1-9626-4B4C-ADBB-66A5C7B1ADD5}"
EndProject
Global
	GlobalSection(SolutionConfigurationPlatforms) = preSolution
		Debug|Any CPU = Debug|Any CPU
		Release|Any CPU = Release|Any CPU
	EndGlobalSection
	GlobalSection(ProjectConfigurationPlatforms) = postSolution
		{0EE046B1-9626-4B4C-ADBB-66A5C7B1ADD5}.Debug|Any CPU.ActiveCfg = Debug|Any CPU
		{0EE046B1-9626-4B4C-ADBB-66A5C7B1ADD5}.Debug|Any CPU.Build.0 = Debug|Any CPU
		{0EE046B1-9626-4B4C-ADBB-66A5C7B1ADD5}.Release|Any CPU.ActiveCfg = Release|Any CPU
		{0EE046B1-9626-4B4C-ADBB-66A5C7B1ADD5}.Release|Any CPU.Build.0 = Release|Any CPU
	EndGlobalSection
	GlobalSection(SolutionProperties) = preSolution
		HideSolutionNode = FALSE
	EndGlobalSection
	GlobalSection(ExtensibilityGlobals) = postSolution
		SolutionGuid = {FC0775BE-B57B-4155-AD48-ED8EDCD9AC5C}
	EndGlobalSection
EndGlobal
